# This file is automatically generated by uv
# To update, run: uv lock

fastmcp>=0.1.0
oracledb==1.4.2
python-dotenv==1.0.0
pydantic==2.5.0
structlog==23.2.0
cryptography==41.0.8

# Development dependencies
pytest==7.4.3
pytest-asyncio==0.21.1
pytest-cov==4.1.0
pytest-mock==3.12.0
black==23.11.0
isort==5.12.0
flake8==6.1.0

# Security dependencies  
bandit==1.7.5
safety==2.3.5